Microsoft Visual Studio Solution File, Format Version 8.00
Project("{F184B08F-C81C-45F6-A57F-5ABD9991F28F}") = "pscMitaDef", "..\MitaCommon\pscMitaDef.vbproj", "{675AB706-FF18-42A3-B23A-6AED3E813EDA}"
	ProjectSection(ProjectDependencies) = postProject
	EndProjectSection
EndProject
Project("{F184B08F-C81C-45F6-A57F-5ABD9991F28F}") = "pscMitaMsg", "..\MitaMsg\pscMitaMsg.vbproj", "{2726F214-8649-469F-8310-8C22C1FF103B}"
	ProjectSection(ProjectDependencies) = postProject
	EndProjectSection
EndProject
Project("{F184B08F-C81C-45F6-A57F-5ABD9991F28F}") = "pscMitaAbout", "..\MitaAbout\pscMitaAbout.vbproj", "{3542D9A8-132E-48A1-B3B9-B6921BCC5273}"
	ProjectSection(ProjectDependencies) = postProject
		{675AB706-FF18-42A3-B23A-6AED3E813EDA} = {675AB706-FF18-42A3-B23A-6AED3E813EDA}
		{F4D25B2B-45B4-4114-9392-498FDAE1DAE9} = {F4D25B2B-45B4-4114-9392-498FDAE1DAE9}
		{6A9B9555-92B3-46F7-AC40-B0E32DE03981} = {6A9B9555-92B3-46F7-AC40-B0E32DE03981}
		{52352375-D15F-4D56-843D-DCC99B1B0117} = {52352375-D15F-4D56-843D-DCC99B1B0117}
	EndProjectSection
EndProject
Project("{F184B08F-C81C-45F6-A57F-5ABD9991F28F}") = "pscMitaShared", "..\MitaCommon\pscMitaShared.vbproj", "{52352375-D15F-4D56-843D-DCC99B1B0117}"
	ProjectSection(ProjectDependencies) = postProject
		{675AB706-FF18-42A3-B23A-6AED3E813EDA} = {675AB706-FF18-42A3-B23A-6AED3E813EDA}
		{F4D25B2B-45B4-4114-9392-498FDAE1DAE9} = {F4D25B2B-45B4-4114-9392-498FDAE1DAE9}
		{43591630-7B46-4E9A-8C93-3B6647C542AA} = {43591630-7B46-4E9A-8C93-3B6647C542AA}
		{6A9B9555-92B3-46F7-AC40-B0E32DE03981} = {6A9B9555-92B3-46F7-AC40-B0E32DE03981}
	EndProjectSection
EndProject
Project("{F184B08F-C81C-45F6-A57F-5ABD9991F28F}") = "pscMitaLogin", "..\MitaLogin\pscMitaLogin.vbproj", "{8CAC840D-DB0C-48ED-B065-ABD805CAEF4B}"
	ProjectSection(ProjectDependencies) = postProject
		{52352375-D15F-4D56-843D-DCC99B1B0117} = {52352375-D15F-4D56-843D-DCC99B1B0117}
	EndProjectSection
EndProject
Project("{F184B08F-C81C-45F6-A57F-5ABD9991F28F}") = "pscMitaData", "..\MitaCommon\pscMitaData.vbproj", "{F4D25B2B-45B4-4114-9392-498FDAE1DAE9}"
	ProjectSection(ProjectDependencies) = postProject
		{675AB706-FF18-42A3-B23A-6AED3E813EDA} = {675AB706-FF18-42A3-B23A-6AED3E813EDA}
	EndProjectSection
EndProject
Project("{F184B08F-C81C-45F6-A57F-5ABD9991F28F}") = "pscMitaConnect", "..\MitaConnect\pscMitaConnect.vbproj", "{43591630-7B46-4E9A-8C93-3B6647C542AA}"
	ProjectSection(ProjectDependencies) = postProject
		{2726F214-8649-469F-8310-8C22C1FF103B} = {2726F214-8649-469F-8310-8C22C1FF103B}
		{F4D25B2B-45B4-4114-9392-498FDAE1DAE9} = {F4D25B2B-45B4-4114-9392-498FDAE1DAE9}
	EndProjectSection
EndProject
Project("{F184B08F-C81C-45F6-A57F-5ABD9991F28F}") = "pscMitaSapSystem", "..\MitaSapSystem\pscMitaSapSystem.vbproj", "{6A9B9555-92B3-46F7-AC40-B0E32DE03981}"
	ProjectSection(ProjectDependencies) = postProject
		{675AB706-FF18-42A3-B23A-6AED3E813EDA} = {675AB706-FF18-42A3-B23A-6AED3E813EDA}
	EndProjectSection
EndProject
Project("{F184B08F-C81C-45F6-A57F-5ABD9991F28F}") = "pscPoolStruct", "..\MitaSapPool\pscPoolStruct.vbproj", "{926AEA9D-E82D-4259-B75D-8E16B9139293}"
	ProjectSection(ProjectDependencies) = postProject
	EndProjectSection
EndProject
Project("{F184B08F-C81C-45F6-A57F-5ABD9991F28F}") = "pscMitaSAPDef", "..\MitaSAP\pscMitaSAPDef.vbproj", "{2E69B998-CA2D-4796-B6C2-CE35F1E3BE6E}"
	ProjectSection(ProjectDependencies) = postProject
	EndProjectSection
EndProject
Project("{F184B08F-C81C-45F6-A57F-5ABD9991F28F}") = "pscMitaSapServer", "..\MitaSAP\pscMitaSapServer.vbproj", "{9CCBBEBB-7908-4F7B-88A7-9C89C8615D13}"
	ProjectSection(ProjectDependencies) = postProject
	EndProjectSection
EndProject
Project("{F184B08F-C81C-45F6-A57F-5ABD9991F28F}") = "pscMitaSapClient", "..\MitaSAP\pscMitaSapClient.vbproj", "{BA879293-613C-4332-A039-98F34933ACA4}"
	ProjectSection(ProjectDependencies) = postProject
	EndProjectSection
EndProject
Global
	GlobalSection(SolutionConfiguration) = preSolution
		Debug = Debug
		Release = Release
	EndGlobalSection
	GlobalSection(ProjectConfiguration) = postSolution
		{675AB706-FF18-42A3-B23A-6AED3E813EDA}.Debug.ActiveCfg = Debug|.NET
		{675AB706-FF18-42A3-B23A-6AED3E813EDA}.Debug.Build.0 = Debug|.NET
		{675AB706-FF18-42A3-B23A-6AED3E813EDA}.Release.ActiveCfg = Release|.NET
		{675AB706-FF18-42A3-B23A-6AED3E813EDA}.Release.Build.0 = Release|.NET
		{2726F214-8649-469F-8310-8C22C1FF103B}.Debug.ActiveCfg = Debug|.NET
		{2726F214-8649-469F-8310-8C22C1FF103B}.Debug.Build.0 = Debug|.NET
		{2726F214-8649-469F-8310-8C22C1FF103B}.Release.ActiveCfg = Release|.NET
		{2726F214-8649-469F-8310-8C22C1FF103B}.Release.Build.0 = Release|.NET
		{3542D9A8-132E-48A1-B3B9-B6921BCC5273}.Debug.ActiveCfg = Debug|.NET
		{3542D9A8-132E-48A1-B3B9-B6921BCC5273}.Debug.Build.0 = Debug|.NET
		{3542D9A8-132E-48A1-B3B9-B6921BCC5273}.Release.ActiveCfg = Release|.NET
		{3542D9A8-132E-48A1-B3B9-B6921BCC5273}.Release.Build.0 = Release|.NET
		{52352375-D15F-4D56-843D-DCC99B1B0117}.Debug.ActiveCfg = Debug|.NET
		{52352375-D15F-4D56-843D-DCC99B1B0117}.Debug.Build.0 = Debug|.NET
		{52352375-D15F-4D56-843D-DCC99B1B0117}.Release.ActiveCfg = Release|.NET
		{52352375-D15F-4D56-843D-DCC99B1B0117}.Release.Build.0 = Release|.NET
		{8CAC840D-DB0C-48ED-B065-ABD805CAEF4B}.Debug.ActiveCfg = Debug|.NET
		{8CAC840D-DB0C-48ED-B065-ABD805CAEF4B}.Debug.Build.0 = Debug|.NET
		{8CAC840D-DB0C-48ED-B065-ABD805CAEF4B}.Release.ActiveCfg = Release|.NET
		{8CAC840D-DB0C-48ED-B065-ABD805CAEF4B}.Release.Build.0 = Release|.NET
		{F4D25B2B-45B4-4114-9392-498FDAE1DAE9}.Debug.ActiveCfg = Debug|.NET
		{F4D25B2B-45B4-4114-9392-498FDAE1DAE9}.Debug.Build.0 = Debug|.NET
		{F4D25B2B-45B4-4114-9392-498FDAE1DAE9}.Release.ActiveCfg = Release|.NET
		{F4D25B2B-45B4-4114-9392-498FDAE1DAE9}.Release.Build.0 = Release|.NET
		{43591630-7B46-4E9A-8C93-3B6647C542AA}.Debug.ActiveCfg = Debug|.NET
		{43591630-7B46-4E9A-8C93-3B6647C542AA}.Debug.Build.0 = Debug|.NET
		{43591630-7B46-4E9A-8C93-3B6647C542AA}.Release.ActiveCfg = Release|.NET
		{43591630-7B46-4E9A-8C93-3B6647C542AA}.Release.Build.0 = Release|.NET
		{6A9B9555-92B3-46F7-AC40-B0E32DE03981}.Debug.ActiveCfg = Debug|.NET
		{6A9B9555-92B3-46F7-AC40-B0E32DE03981}.Debug.Build.0 = Debug|.NET
		{6A9B9555-92B3-46F7-AC40-B0E32DE03981}.Release.ActiveCfg = Release|.NET
		{6A9B9555-92B3-46F7-AC40-B0E32DE03981}.Release.Build.0 = Release|.NET
		{926AEA9D-E82D-4259-B75D-8E16B9139293}.Debug.ActiveCfg = Debug|.NET
		{926AEA9D-E82D-4259-B75D-8E16B9139293}.Debug.Build.0 = Debug|.NET
		{926AEA9D-E82D-4259-B75D-8E16B9139293}.Release.ActiveCfg = Release|.NET
		{926AEA9D-E82D-4259-B75D-8E16B9139293}.Release.Build.0 = Release|.NET
		{2E69B998-CA2D-4796-B6C2-CE35F1E3BE6E}.Debug.ActiveCfg = Debug|.NET
		{2E69B998-CA2D-4796-B6C2-CE35F1E3BE6E}.Debug.Build.0 = Debug|.NET
		{2E69B998-CA2D-4796-B6C2-CE35F1E3BE6E}.Release.ActiveCfg = Release|.NET
		{2E69B998-CA2D-4796-B6C2-CE35F1E3BE6E}.Release.Build.0 = Release|.NET
		{9CCBBEBB-7908-4F7B-88A7-9C89C8615D13}.Debug.ActiveCfg = Debug|.NET
		{9CCBBEBB-7908-4F7B-88A7-9C89C8615D13}.Debug.Build.0 = Debug|.NET
		{9CCBBEBB-7908-4F7B-88A7-9C89C8615D13}.Release.ActiveCfg = Release|.NET
		{9CCBBEBB-7908-4F7B-88A7-9C89C8615D13}.Release.Build.0 = Release|.NET
		{BA879293-613C-4332-A039-98F34933ACA4}.Debug.ActiveCfg = Debug|.NET
		{BA879293-613C-4332-A039-98F34933ACA4}.Debug.Build.0 = Debug|.NET
		{BA879293-613C-4332-A039-98F34933ACA4}.Release.ActiveCfg = Release|.NET
		{BA879293-613C-4332-A039-98F34933ACA4}.Release.Build.0 = Release|.NET
	EndGlobalSection
	GlobalSection(ExtensibilityGlobals) = postSolution
	EndGlobalSection
	GlobalSection(ExtensibilityAddIns) = postSolution
	EndGlobalSection
EndGlobal
