Microsoft Visual Studio Solution File, Format Version 8.00
Project("{F184B08F-C81C-45F6-A57F-5ABD9991F28F}") = "pscMitaTables", "pscMitaTables.vbproj", "{13D46AAB-66D8-42A4-B7B9-7A97F6F1913F}"
	ProjectSection(ProjectDependencies) = postProject
	EndProjectSection
EndProject
Global
	GlobalSection(SolutionConfiguration) = preSolution
		Debug = Debug
		Release = Release
	EndGlobalSection
	GlobalSection(ProjectConfiguration) = postSolution
		{13D46AAB-66D8-42A4-B7B9-7A97F6F1913F}.Debug.ActiveCfg = Debug|.NET
		{13D46AAB-66D8-42A4-B7B9-7A97F6F1913F}.Debug.Build.0 = Debug|.NET
		{13D46AAB-66D8-42A4-B7B9-7A97F6F1913F}.Release.ActiveCfg = Release|.NET
		{13D46AAB-66D8-42A4-B7B9-7A97F6F1913F}.Release.Build.0 = Release|.NET
	EndGlobalSection
	GlobalSection(ExtensibilityGlobals) = postSolution
	EndGlobalSection
	GlobalSection(ExtensibilityAddIns) = postSolution
	EndGlobalSection
EndGlobal
