Microsoft Visual Studio Solution File, Format Version 8.00
Project("{F184B08F-C81C-45F6-A57F-5ABD9991F28F}") = "pscMitaWatch", "pscMitaWatch.vbproj", "{C1408063-619E-4778-96DF-09B14F609072}"
	ProjectSection(ProjectDependencies) = postProject
		{C8B2A348-8A18-4FBE-9C92-4291D936EA95} = {C8B2A348-8A18-4FBE-9C92-4291D936EA95}
	EndProjectSection
EndProject
Project("{F184B08F-C81C-45F6-A57F-5ABD9991F28F}") = "pscMitaCand", "pscMitaCand.vbproj", "{C8B2A348-8A18-4FBE-9C92-4291D936EA95}"
	ProjectSection(ProjectDependencies) = postProject
	EndProjectSection
EndProject
Global
	GlobalSection(SolutionConfiguration) = preSolution
		Debug = Debug
		Release = Release
	EndGlobalSection
	GlobalSection(ProjectConfiguration) = postSolution
		{C1408063-619E-4778-96DF-09B14F609072}.Debug.ActiveCfg = Debug|.NET
		{C1408063-619E-4778-96DF-09B14F609072}.Debug.Build.0 = Debug|.NET
		{C1408063-619E-4778-96DF-09B14F609072}.Release.ActiveCfg = Release|.NET
		{C1408063-619E-4778-96DF-09B14F609072}.Release.Build.0 = Release|.NET
		{C8B2A348-8A18-4FBE-9C92-4291D936EA95}.Debug.ActiveCfg = Debug|.NET
		{C8B2A348-8A18-4FBE-9C92-4291D936EA95}.Debug.Build.0 = Debug|.NET
		{C8B2A348-8A18-4FBE-9C92-4291D936EA95}.Release.ActiveCfg = Release|.NET
		{C8B2A348-8A18-4FBE-9C92-4291D936EA95}.Release.Build.0 = Release|.NET
	EndGlobalSection
	GlobalSection(ExtensibilityGlobals) = postSolution
	EndGlobalSection
	GlobalSection(ExtensibilityAddIns) = postSolution
	EndGlobalSection
EndGlobal
