Microsoft Visual Studio Solution File, Format Version 8.00
Project("{F184B08F-C81C-45F6-A57F-5ABD9991F28F}") = "pscMitaMsg", "pscMitaMsg.vbproj", "{2726F214-8649-469F-8310-8C22C1FF103B}"
	ProjectSection(ProjectDependencies) = postProject
	EndProjectSection
EndProject
Global
	GlobalSection(SolutionConfiguration) = preSolution
		Debug = Debug
		Release = Release
	EndGlobalSection
	GlobalSection(ProjectConfiguration) = postSolution
		{2726F214-8649-469F-8310-8C22C1FF103B}.Debug.ActiveCfg = Debug|.NET
		{2726F214-8649-469F-8310-8C22C1FF103B}.Debug.Build.0 = Debug|.NET
		{2726F214-8649-469F-8310-8C22C1FF103B}.Release.ActiveCfg = Release|.NET
		{2726F214-8649-469F-8310-8C22C1FF103B}.Release.Build.0 = Release|.NET
	EndGlobalSection
	GlobalSection(ExtensibilityGlobals) = postSolution
	EndGlobalSection
	GlobalSection(ExtensibilityAddIns) = postSolution
	EndGlobalSection
EndGlobal
