Microsoft Visual Studio Solution File, Format Version 8.00
Project("{F184B08F-C81C-45F6-A57F-5ABD9991F28F}") = "pscMitaConnect", "pscMitaConnect.vbproj", "{43591630-7B46-4E9A-8C93-3B6647C542AA}"
	ProjectSection(ProjectDependencies) = postProject
	EndProjectSection
EndProject
Global
	GlobalSection(SolutionConfiguration) = preSolution
		Debug = Debug
		Release = Release
	EndGlobalSection
	GlobalSection(ProjectConfiguration) = postSolution
		{43591630-7B46-4E9A-8C93-3B6647C542AA}.Debug.ActiveCfg = Debug|.NET
		{43591630-7B46-4E9A-8C93-3B6647C542AA}.Debug.Build.0 = Debug|.NET
		{43591630-7B46-4E9A-8C93-3B6647C542AA}.Release.ActiveCfg = Release|.NET
		{43591630-7B46-4E9A-8C93-3B6647C542AA}.Release.Build.0 = Release|.NET
	EndGlobalSection
	GlobalSection(ExtensibilityGlobals) = postSolution
	EndGlobalSection
	GlobalSection(ExtensibilityAddIns) = postSolution
	EndGlobalSection
EndGlobal
